
Microsoft Visual Studio Solution File, Format Version 12.00
# Visual Studio Version 16
VisualStudioVersion = 16.0.29209.62
MinimumVisualStudioVersion = 10.0.40219.1
Project("{FAE04EC0-301F-11D3-BF4B-00C04F79EFBC}") = "RegExp", "RegExp\RegExp.csproj", "{3983B5DA-DC89-40E9-829B-61F125917A11}"
EndProject
Project("{FAE04EC0-301F-11D3-BF4B-00C04F79EFBC}") = "UnitTestRegExp", "UnitTestRegExp\UnitTestRegExp.csproj", "{D8FA9B12-C51B-41EF-8ADE-9CF069239758}"
	ProjectSection(ProjectDependencies) = postProject
		{3983B5DA-DC89-40E9-829B-61F125917A11} = {3983B5DA-DC89-40E9-829B-61F125917A11}
	EndProjectSection
EndProject
Global
	GlobalSection(SolutionConfigurationPlatforms) = preSolution
		Debug|Any CPU = Debug|Any CPU
		Release|Any CPU = Release|Any CPU
	EndGlobalSection
	GlobalSection(ProjectConfigurationPlatforms) = postSolution
		{3983B5DA-DC89-40E9-829B-61F125917A11}.Debug|Any CPU.ActiveCfg = Debug|Any CPU
		{3983B5DA-DC89-40E9-829B-61F125917A11}.Debug|Any CPU.Build.0 = Debug|Any CPU
		{3983B5DA-DC89-40E9-829B-61F125917A11}.Release|Any CPU.ActiveCfg = Release|Any CPU
		{3983B5DA-DC89-40E9-829B-61F125917A11}.Release|Any CPU.Build.0 = Release|Any CPU
		{D8FA9B12-C51B-41EF-8ADE-9CF069239758}.Debug|Any CPU.ActiveCfg = Debug|Any CPU
		{D8FA9B12-C51B-41EF-8ADE-9CF069239758}.Debug|Any CPU.Build.0 = Debug|Any CPU
		{D8FA9B12-C51B-41EF-8ADE-9CF069239758}.Release|Any CPU.ActiveCfg = Release|Any CPU
		{D8FA9B12-C51B-41EF-8ADE-9CF069239758}.Release|Any CPU.Build.0 = Release|Any CPU
	EndGlobalSection
	GlobalSection(SolutionProperties) = preSolution
		HideSolutionNode = FALSE
	EndGlobalSection
	GlobalSection(ExtensibilityGlobals) = postSolution
		SolutionGuid = {0DB05896-2D37-4D31-A654-AD97EBD6B1B2}
	EndGlobalSection
EndGlobal
